// !$*UTF8*$!
{
	archiveVersion = 1;
	classes = {
	};
	objectVersion = 46;
	objects = {

/* Begin PBXBuildFile section */
		B68EE6031CA98F8D00404B40 /* main.m in Sources */ = {isa = PBXBuildFile; fileRef = B68EE6021CA98F8D00404B40 /* main.m */; };
		B68EE6061CA98F8D00404B40 /* AppDelegate.m in Sources */ = {isa = PBXBuildFile; fileRef = B68EE6051CA98F8D00404B40 /* AppDelegate.m */; };
		B68EE6091CA98F8D00404B40 /* ViewController.m in Sources */ = {isa = PBXBuildFile; fileRef = B68EE6081CA98F8D00404B40 /* ViewController.m */; };
		B68EE60C1CA98F8D00404B40 /* Main.storyboard in Resources */ = {isa = PBXBuildFile; fileRef = B68EE60A1CA98F8D00404B40 /* Main.storyboard */; };
		B68EE60E1CA98F8D00404B40 /* Images.xcassets in Resources */ = {isa = PBXBuildFile; fileRef = B68EE60D1CA98F8D00404B40 /* Images.xcassets */; };
		B68EE6111CA98F8D00404B40 /* LaunchScreen.xib in Resources */ = {isa = PBXBuildFile; fileRef = B68EE60F1CA98F8D00404B40 /* LaunchScreen.xib */; };
		B68EE61D1CA98F8D00404B40 /* CoinTossTests.m in Sources */ = {isa = PBXBuildFile; fileRef = B68EE61C1CA98F8D00404B40 /* CoinTossTests.m */; };
/* End PBXBuildFile section */

/* Begin PBXContainerItemProxy section */
		B68EE6171CA98F8D00404B40 /* PBXContainerItemProxy */ = {
			isa = PBXContainerItemProxy;
			containerPortal = B68EE5F51CA98F8D00404B40 /* Project object */;
			proxyType = 1;
			remoteGlobalIDString = B68EE5FC1CA98F8D00404B40;
			remoteInfo = CoinToss;
		};
/* End PBXContainerItemProxy section */

/* Begin PBXFileReference section */
		B68EE5FD1CA98F8D00404B40 /* CoinToss.app */ = {isa = PBXFileReference; explicitFileType = wrapper.application; includeInIndex = 0; path = CoinToss.app; sourceTree = BUILT_PRODUCTS_DIR; };
		B68EE6011CA98F8D00404B40 /* Info.plist */ = {isa = PBXFileReference; lastKnownFileType = text.plist.xml; path = Info.plist; sourceTree = "<group>"; };
		B68EE6021CA98F8D00404B40 /* main.m */ = {isa = PBXFileReference; lastKnownFileType = sourcecode.c.objc; path = main.m; sourceTree = "<group>"; };
		B68EE6041CA98F8D00404B40 /* AppDelegate.h */ = {isa = PBXFileReference; lastKnownFileType = sourcecode.c.h; path = AppDelegate.h; sourceTree = "<group>"; };
		B68EE6051CA98F8D00404B40 /* AppDelegate.m */ = {isa = PBXFileReference; lastKnownFileType = sourcecode.c.objc; path = AppDelegate.m; sourceTree = "<group>"; };
		B68EE6071CA98F8D00404B40 /* ViewController.h */ = {isa = PBXFileReference; lastKnownFileType = sourcecode.c.h; path = ViewController.h; sourceTree = "<group>"; };
		B68EE6081CA98F8D00404B40 /* ViewController.m */ = {isa = PBXFileReference; lastKnownFileType = sourcecode.c.objc; path = ViewController.m; sourceTree = "<group>"; };
		B68EE60B1CA98F8D00404B40 /* Base */ = {isa = PBXFileReference; lastKnownFileType = file.storyboard; name = Base; path = Base.lproj/Main.storyboard; sourceTree = "<group>"; };
		B68EE60D1CA98F8D00404B40 /* Images.xcassets */ = {isa = PBXFileReference; lastKnownFileType = folder.assetcatalog; path = Images.xcassets; sourceTree = "<group>"; };
		B68EE6101CA98F8D00404B40 /* Base */ = {isa = PBXFileReference; lastKnownFileType = file.xib; name = Base; path = Base.lproj/LaunchScreen.xib; sourceTree = "<group>"; };
		B68EE6161CA98F8D00404B40 /* CoinTossTests.xctest */ = {isa = PBXFileReference; explicitFileType = wrapper.cfbundle; includeInIndex = 0; path = CoinTossTests.xctest; sourceTree = BUILT_PRODUCTS_DIR; };
		B68EE61B1CA98F8D00404B40 /* Info.plist */ = {isa = PBXFileReference; lastKnownFileType = text.plist.xml; path = Info.plist; sourceTree = "<group>"; };
		B68EE61C1CA98F8D00404B40 /* CoinTossTests.m */ = {isa = PBXFileReference; lastKnownFileType = sourcecode.c.objc; path = CoinTossTests.m; sourceTree = "<group>"; };
/* End PBXFileReference section */

/* Begin PBXFrameworksBuildPhase section */
		B68EE5FA1CA98F8D00404B40 /* Frameworks */ = {
			isa = PBXFrameworksBuildPhase;
			buildActionMask = 2147483647;
			files = (
			);
			runOnlyForDeploymentPostprocessing = 0;
		};
		B68EE6131CA98F8D00404B40 /* Frameworks */ = {
			isa = PBXFrameworksBuildPhase;
			buildActionMask = 2147483647;
			files = (
			);
			runOnlyForDeploymentPostprocessing = 0;
		};
/* End PBXFrameworksBuildPhase section */

/* Begin PBXGroup section */
		B68EE5F41CA98F8D00404B40 = {
			isa = PBXGroup;
			children = (
				B68EE5FF1CA98F8D00404B40 /* CoinToss */,
				B68EE6191CA98F8D00404B40 /* CoinTossTests */,
				B68EE5FE1CA98F8D00404B40 /* Products */,
			);
			sourceTree = "<group>";
		};
		B68EE5FE1CA98F8D00404B40 /* Products */ = {
			isa = PBXGroup;
			children = (
				B68EE5FD1CA98F8D00404B40 /* CoinToss.app */,
				B68EE6161CA98F8D00404B40 /* CoinTossTests.xctest */,
			);
			name = Products;
			sourceTree = "<group>";
		};
		B68EE5FF1CA98F8D00404B40 /* CoinToss */ = {
			isa = PBXGroup;
			children = (
				B68EE6041CA98F8D00404B40 /* AppDelegate.h */,
				B68EE6051CA98F8D00404B40 /* AppDelegate.m */,
				B68EE6071CA98F8D00404B40 /* ViewController.h */,
				B68EE6081CA98F8D00404B40 /* ViewController.m */,
				B68EE60A1CA98F8D00404B40 /* Main.storyboard */,
				B68EE60D1CA98F8D00404B40 /* Images.xcassets */,
				B68EE60F1CA98F8D00404B40 /* LaunchScreen.xib */,
				B68EE6001CA98F8D00404B40 /* Supporting Files */,
			);
			path = CoinToss;
			sourceTree = "<group>";
		};
		B68EE6001CA98F8D00404B40 /* Supporting Files */ = {
			isa = PBXGroup;
			children = (
				B68EE6011CA98F8D00404B40 /* Info.plist */,
				B68EE6021CA98F8D00404B40 /* main.m */,
			);
			name = "Supporting Files";
			sourceTree = "<group>";
		};
		B68EE6191CA98F8D00404B40 /* CoinTossTests */ = {
			isa = PBXGroup;
			children = (
				B68EE61C1CA98F8D00404B40 /* CoinTossTests.m */,
				B68EE61A1CA98F8D00404B40 /* Supporting Files */,
			);
			path = CoinTossTests;
			sourceTree = "<group>";
		};
		B68EE61A1CA98F8D00404B40 /* Supporting Files */ = {
			isa = PBXGroup;
			children = (
				B68EE61B1CA98F8D00404B40 /* Info.plist */,
			);
			name = "Supporting Files";
			sourceTree = "<group>";
		};
/* End PBXGroup section */

/* Begin PBXNativeTarget section */
		B68EE5FC1CA98F8D00404B40 /* CoinToss */ = {
			isa = PBXNativeTarget;
			buildConfigurationList = B68EE6201CA98F8D00404B40 /* Build configuration list for PBXNativeTarget "CoinToss" */;
			buildPhases = (
				B68EE5F91CA98F8D00404B40 /* Sources */,
				B68EE5FA1CA98F8D00404B40 /* Frameworks */,
				B68EE5FB1CA98F8D00404B40 /* Resources */,
			);
			buildRules = (
			);
			dependencies = (
			);
			name = CoinToss;
			productName = CoinToss;
			productReference = B68EE5FD1CA98F8D00404B40 /* CoinToss.app */;
			productType = "com.apple.product-type.application";
		};
		B68EE6151CA98F8D00404B40 /* CoinTossTests */ = {
			isa = PBXNativeTarget;
			buildConfigurationList = B68EE6231CA98F8D00404B40 /* Build configuration list for PBXNativeTarget "CoinTossTests" */;
			buildPhases = (
				B68EE6121CA98F8D00404B40 /* Sources */,
				B68EE6131CA98F8D00404B40 /* Frameworks */,
				B68EE6141CA98F8D00404B40 /* Resources */,
			);
			buildRules = (
			);
			dependencies = (
				B68EE6181CA98F8D00404B40 /* PBXTargetDependency */,
			);
			name = CoinTossTests;
			productName = CoinTossTests;
			productReference = B68EE6161CA98F8D00404B40 /* CoinTossTests.xctest */;
			productType = "com.apple.product-type.bundle.unit-test";
		};
/* End PBXNativeTarget section */

/* Begin PBXProject section */
		B68EE5F51CA98F8D00404B40 /* Project object */ = {
			isa = PBXProject;
			attributes = {
				LastUpgradeCheck = 0640;
				ORGANIZATIONNAME = den;
				TargetAttributes = {
					B68EE5FC1CA98F8D00404B40 = {
						CreatedOnToolsVersion = 6.4;
					};
					B68EE6151CA98F8D00404B40 = {
						CreatedOnToolsVersion = 6.4;
						TestTargetID = B68EE5FC1CA98F8D00404B40;
					};
				};
			};
			buildConfigurationList = B68EE5F81CA98F8D00404B40 /* Build configuration list for PBXProject "CoinToss" */;
			compatibilityVersion = "Xcode 3.2";
			developmentRegion = English;
			hasScannedForEncodings = 0;
			knownRegions = (
				en,
				Base,
			);
			mainGroup = B68EE5F41CA98F8D00404B40;
			productRefGroup = B68EE5FE1CA98F8D00404B40 /* Products */;
			projectDirPath = "";
			projectRoot = "";
			targets = (
				B68EE5FC1CA98F8D00404B40 /* CoinToss */,
				B68EE6151CA98F8D00404B40 /* CoinTossTests */,
			);
		};
/* End PBXProject section */

/* Begin PBXResourcesBuildPhase section */
		B68EE5FB1CA98F8D00404B40 /* Resources */ = {
			isa = PBXResourcesBuildPhase;
			buildActionMask = 2147483647;
			files = (
				B68EE60C1CA98F8D00404B40 /* Main.storyboard in Resources */,
				B68EE6111CA98F8D00404B40 /* LaunchScreen.xib in Resources */,
				B68EE60E1CA98F8D00404B40 /* Images.xcassets in Resources */,
			);
			runOnlyForDeploymentPostprocessing = 0;
		};
		B68EE6141CA98F8D00404B40 /* Resources */ = {
			isa = PBXResourcesBuildPhase;
			buildActionMask = 2147483647;
			files = (
			);
			runOnlyForDeploymentPostprocessing = 0;
		};
/* End PBXResourcesBuildPhase section */

/* Begin PBXSourcesBuildPhase section */
		B68EE5F91CA98F8D00404B40 /* Sources */ = {
			isa = PBXSourcesBuildPhase;
			buildActionMask = 2147483647;
			files = (
				B68EE6091CA98F8D00404B40 /* ViewController.m in Sources */,
				B68EE6061CA98F8D00404B40 /* AppDelegate.m in Sources */,
				B68EE6031CA98F8D00404B40 /* main.m in Sources */,
			);
			runOnlyForDeploymentPostprocessing = 0;
		};
		B68EE6121CA98F8D00404B40 /* Sources */ = {
			isa = PBXSourcesBuildPhase;
			buildActionMask = 2147483647;
			files = (
				B68EE61D1CA98F8D00404B40 /* CoinTossTests.m in Sources */,
			);
			runOnlyForDeploymentPostprocessing = 0;
		};
/* End PBXSourcesBuildPhase section */

/* Begin PBXTargetDependency section */
		B68EE6181CA98F8D00404B40 /* PBXTargetDependency */ = {
			isa = PBXTargetDependency;
			target = B68EE5FC1CA98F8D00404B40 /* CoinToss */;
			targetProxy = B68EE6171CA98F8D00404B40 /* PBXContainerItemProxy */;
		};
/* End PBXTargetDependency section */

/* Begin PBXVariantGroup section */
		B68EE60A1CA98F8D00404B40 /* Main.storyboard */ = {
			isa = PBXVariantGroup;
			children = (
				B68EE60B1CA98F8D00404B40 /* Base */,
			);
			name = Main.storyboard;
			sourceTree = "<group>";
		};
		B68EE60F1CA98F8D00404B40 /* LaunchScreen.xib */ = {
			isa = PBXVariantGroup;
			children = (
				B68EE6101CA98F8D00404B40 /* Base */,
			);
			name = LaunchScreen.xib;
			sourceTree = "<group>";
		};
/* End PBXVariantGroup section */

/* Begin XCBuildConfiguration section */
		B68EE61E1CA98F8D00404B40 /* Debug */ = {
			isa = XCBuildConfiguration;
			buildSettings = {
				ALWAYS_SEARCH_USER_PATHS = NO;
				CLANG_CXX_LANGUAGE_STANDARD = "gnu++0x";
				CLANG_CXX_LIBRARY = "libc++";
				CLANG_ENABLE_MODULES = YES;
				CLANG_ENABLE_OBJC_ARC = YES;
				CLANG_WARN_BOOL_CONVERSION = YES;
				CLANG_WARN_CONSTANT_CONVERSION = YES;
				CLANG_WARN_DIRECT_OBJC_ISA_USAGE = YES_ERROR;
				CLANG_WARN_EMPTY_BODY = YES;
				CLANG_WARN_ENUM_CONVERSION = YES;
				CLANG_WARN_INT_CONVERSION = YES;
				CLANG_WARN_OBJC_ROOT_CLASS = YES_ERROR;
				CLANG_WARN_UNREACHABLE_CODE = YES;
				CLANG_WARN__DUPLICATE_METHOD_MATCH = YES;
				"CODE_SIGN_IDENTITY[sdk=iphoneos*]" = "iPhone Developer";
				COPY_PHASE_STRIP = NO;
				DEBUG_INFORMATION_FORMAT = "dwarf-with-dsym";
				ENABLE_STRICT_OBJC_MSGSEND = YES;
				GCC_C_LANGUAGE_STANDARD = gnu99;
				GCC_DYNAMIC_NO_PIC = NO;
				GCC_NO_COMMON_BLOCKS = YES;
				GCC_OPTIMIZATION_LEVEL = 0;
				GCC_PREPROCESSOR_DEFINITIONS = (
					"DEBUG=1",
					"$(inherited)",
				);
				GCC_SYMBOLS_PRIVATE_EXTERN = NO;
				GCC_WARN_64_TO_32_BIT_CONVERSION = YES;
				GCC_WARN_ABOUT_RETURN_TYPE = YES_ERROR;
				GCC_WARN_UNDECLARED_SELECTOR = YES;
				GCC_WARN_UNINITIALIZED_AUTOS = YES_AGGRESSIVE;
				GCC_WARN_UNUSED_FUNCTION = YES;
				GCC_WARN_UNUSED_VARIABLE = YES;
				IPHONEOS_DEPLOYMENT_TARGET = 8.4;
				MTL_ENABLE_DEBUG_INFO = YES;
				ONLY_ACTIVE_ARCH = YES;
				SDKROOT = iphoneos;
				TARGETED_DEVICE_FAMILY = "1,2";
			};
			name = Debug;
		};
		B68EE61F1CA98F8D00404B40 /* Release */ = {
			isa = XCBuildConfiguration;
			buildSettings = {
				ALWAYS_SEARCH_USER_PATHS = NO;
				CLANG_CXX_LANGUAGE_STANDARD = "gnu++0x";
				CLANG_CXX_LIBRARY = "libc++";
				CLANG_ENABLE_MODULES = YES;
				CLANG_ENABLE_OBJC_ARC = YES;
				CLANG_WARN_BOOL_CONVERSION = YES;
				CLANG_WARN_CONSTANT_CONVERSION = YES;
				CLANG_WARN_DIRECT_OBJC_ISA_USAGE = YES_ERROR;
				CLANG_WARN_EMPTY_BODY = YES;
				CLANG_WARN_ENUM_CONVERSION = YES;
				CLANG_WARN_INT_CONVERSION = YES;
				CLANG_WARN_OBJC_ROOT_CLASS = YES_ERROR;
				CLANG_WARN_UNREACHABLE_CODE = YES;
				CLANG_WARN__DUPLICATE_METHOD_MATCH = YES;
				"CODE_SIGN_IDENTITY[sdk=iphoneos*]" = "iPhone Developer";
				COPY_PHASE_STRIP = NO;
				DEBUG_INFORMATION_FORMAT = "dwarf-with-dsym";
				ENABLE_NS_ASSERTIONS = NO;
				ENABLE_STRICT_OBJC_MSGSEND = YES;
				GCC_C_LANGUAGE_STANDARD = gnu99;
				GCC_NO_COMMON_BLOCKS = YES;
				GCC_WARN_64_TO_32_BIT_CONVERSION = YES;
				GCC_WARN_ABOUT_RETURN_TYPE = YES_ERROR;
				GCC_WARN_UNDECLARED_SELECTOR = YES;
				GCC_WARN_UNINITIALIZED_AUTOS = YES_AGGRESSIVE;
				GCC_WARN_UNUSED_FUNCTION = YES;
				GCC_WARN_UNUSED_VARIABLE = YES;
				IPHONEOS_DEPLOYMENT_TARGET = 8.4;
				MTL_ENABLE_DEBUG_INFO = NO;
				SDKROOT = iphoneos;
				TARGETED_DEVICE_FAMILY = "1,2";
				VALIDATE_PRODUCT = YES;
			};
			name = Release;
		};
		B68EE6211CA98F8D00404B40 /* Debug */ = {
			isa = XCBuildConfiguration;
			buildSettings = {
				ASSETCATALOG_COMPILER_APPICON_NAME = AppIcon;
				INFOPLIST_FILE = CoinToss/Info.plist;
				LD_RUNPATH_SEARCH_PATHS = "$(inherited) @executable_path/Frameworks";
				PRODUCT_NAME = "$(TARGET_NAME)";
			};
			name = Debug;
		};
		B68EE6221CA98F8D00404B40 /* Release */ = {
			isa = XCBuildConfiguration;
			buildSettings = {
				ASSETCATALOG_COMPILER_APPICON_NAME = AppIcon;
				INFOPLIST_FILE = CoinToss/Info.plist;
				LD_RUNPATH_SEARCH_PATHS = "$(inherited) @executable_path/Frameworks";
				PRODUCT_NAME = "$(TARGET_NAME)";
			};
			name = Release;
		};
		B68EE6241CA98F8D00404B40 /* Debug */ = {
			isa = XCBuildConfiguration;
			buildSettings = {
				BUNDLE_LOADER = "$(TEST_HOST)";
				FRAMEWORK_SEARCH_PATHS = (
					"$(SDKROOT)/Developer/Library/Frameworks",
					"$(inherited)",
				);
				GCC_PREPROCESSOR_DEFINITIONS = (
					"DEBUG=1",
					"$(inherited)",
				);
				INFOPLIST_FILE = CoinTossTests/Info.plist;
				LD_RUNPATH_SEARCH_PATHS = "$(inherited) @executable_path/Frameworks @loader_path/Frameworks";
				PRODUCT_NAME = "$(TARGET_NAME)";
				TEST_HOST = "$(BUILT_PRODUCTS_DIR)/CoinToss.app/CoinToss";
			};
			name = Debug;
		};
		B68EE6251CA98F8D00404B40 /* Release */ = {
			isa = XCBuildConfiguration;
			buildSettings = {
				BUNDLE_LOADER = "$(TEST_HOST)";
				FRAMEWORK_SEARCH_PATHS = (
					"$(SDKROOT)/Developer/Library/Frameworks",
					"$(inherited)",
				);
				INFOPLIST_FILE = CoinTossTests/Info.plist;
				LD_RUNPATH_SEARCH_PATHS = "$(inherited) @executable_path/Frameworks @loader_path/Frameworks";
				PRODUCT_NAME = "$(TARGET_NAME)";
				TEST_HOST = "$(BUILT_PRODUCTS_DIR)/CoinToss.app/CoinToss";
			};
			name = Release;
		};
/* End XCBuildConfiguration section */

/* Begin XCConfigurationList section */
		B68EE5F81CA98F8D00404B40 /* Build configuration list for PBXProject "CoinToss" */ = {
			isa = XCConfigurationList;
			buildConfigurations = (
				B68EE61E1CA98F8D00404B40 /* Debug */,
				B68EE61F1CA98F8D00404B40 /* Release */,
			);
			defaultConfigurationIsVisible = 0;
			defaultConfigurationName = Release;
		};
		B68EE6201CA98F8D00404B40 /* Build configuration list for PBXNativeTarget "CoinToss" */ = {
			isa = XCConfigurationList;
			buildConfigurations = (
				B68EE6211CA98F8D00404B40 /* Debug */,
				B68EE6221CA98F8D00404B40 /* Release */,
			);
			defaultConfigurationIsVisible = 0;
		};
		B68EE6231CA98F8D00404B40 /* Build configuration list for PBXNativeTarget "CoinTossTests" */ = {
			isa = XCConfigurationList;
			buildConfigurations = (
				B68EE6241CA98F8D00404B40 /* Debug */,
				B68EE6251CA98F8D00404B40 /* Release */,
			);
			defaultConfigurationIsVisible = 0;
		};
/* End XCConfigurationList section */
	};
	rootObject = B68EE5F51CA98F8D00404B40 /* Project object */;
}
